PODS:
  - React (0.48.1):
    - React/Core (= 0.48.1)
  - react-native-maps (0.19.0):
    - React
  - React/BatchedBridge (0.48.1):
    - React/Core
    - React/cxxreact_legacy
  - React/Core (0.48.1):
    - Yoga (= 0.48.1.React)
  - React/cxxreact_legacy (0.48.1):
    - React/jschelpers_legacy
  - React/jschelpers_legacy (0.48.1)
  - React/RCTActionSheet (0.48.1):
    - React/Core
  - React/RCTAnimation (0.48.1):
    - React/Core
  - React/RCTBlob (0.48.1):
    - React/Core
  - React/RCTGeolocation (0.48.1):
    - React/Core
  - React/RCTImage (0.48.1):
    - React/Core
    - React/RCTNetwork
  - React/RCTLinkingIOS (0.48.1):
    - React/Core
  - React/RCTNetwork (0.48.1):
    - React/Core
  - React/RCTSettings (0.48.1):
    - React/Core
  - React/RCTText (0.48.1):
    - React/Core
  - React/RCTVibration (0.48.1):
    - React/Core
  - React/RCTWebSocket (0.48.1):
    - React/Core
    - React/RCTBlob
  - Yoga (0.48.1.React)

DEPENDENCIES:
  - react-native-maps (from `../node_modules/react-native-maps`)
  - React/BatchedBridge (from `../node_modules/react-native`)
  - React/Core (from `../node_modules/react-native`)
  - React/RCTActionSheet (from `../node_modules/react-native`)
  - React/RCTAnimation (from `../node_modules/react-native`)
  - React/RCTGeolocation (from `../node_modules/react-native`)
  - React/RCTImage (from `../node_modules/react-native`)
  - React/RCTLinkingIOS (from `../node_modules/react-native`)
  - React/RCTNetwork (from `../node_modules/react-native`)
  - React/RCTSettings (from `../node_modules/react-native`)
  - React/RCTText (from `../node_modules/react-native`)
  - React/RCTVibration (from `../node_modules/react-native`)
  - React/RCTWebSocket (from `../node_modules/react-native`)
  - Yoga (from `../node_modules/react-native/ReactCommon/yoga/yoga.podspec`)

EXTERNAL SOURCES:
  React:
    :path: ../node_modules/react-native
  react-native-maps:
    :path: ../node_modules/react-native-maps
  Yoga:
    :path: ../node_modules/react-native/ReactCommon/yoga/yoga.podspec

SPEC CHECKSUMS:
  React: c409fc3f984bbc91da9328ace90b0851759c8111
  react-native-maps: d3b689927722398a12a4b3007fd9a0c60e1c48cd
  Yoga: 1a0ed95233aeb0ed308fc70fabeb4348234a61d5

PODFILE CHECKSUM: 87ca65240446bfb5dde6e33bb615167f341ec203

COCOAPODS: 1.2.0
